
Microsoft Visual Studio Solution File, Format Version 12.00
# Visual Studio Version 17
VisualStudioVersion = 17.4.33403.182
MinimumVisualStudioVersion = 10.0.40219.1
Project("{FAE04EC0-301F-11D3-BF4B-00C04F79EFBC}") = "MonoGame Platformer", "MonoGame Platformer\MonoGame Platformer.csproj", "{00A298A4-DA48-405B-AD56-E7293E6FB3F7}"
EndProject
Global
	GlobalSection(SolutionConfigurationPlatforms) = preSolution
		Debug|Any CPU = Debug|Any CPU
		Release|Any CPU = Release|Any CPU
	EndGlobalSection
	GlobalSection(ProjectConfigurationPlatforms) = postSolution
		{00A298A4-DA48-405B-AD56-E7293E6FB3F7}.Debug|Any CPU.ActiveCfg = Debug|Any CPU
		{00A298A4-DA48-405B-AD56-E7293E6FB3F7}.Debug|Any CPU.Build.0 = Debug|Any CPU
		{00A298A4-DA48-405B-AD56-E7293E6FB3F7}.Release|Any CPU.ActiveCfg = Release|Any CPU
		{00A298A4-DA48-405B-AD56-E7293E6FB3F7}.Release|Any CPU.Build.0 = Release|Any CPU
	EndGlobalSection
	GlobalSection(SolutionProperties) = preSolution
		HideSolutionNode = FALSE
	EndGlobalSection
	GlobalSection(ExtensibilityGlobals) = postSolution
		SolutionGuid = {6E5EF0D5-E71E-453E-BCEE-B3AC4BE535B4}
	EndGlobalSection
EndGlobal
